
Microsoft Visual Studio Solution File, Format Version 12.00
# Visual Studio Version 16
VisualStudioVersion = 16.0.30413.136
MinimumVisualStudioVersion = 10.0.40219.1
Project("{8BC9CEB8-8B4A-11D0-8D11-00A0C91BC942}") = "backjoon4195", "backjoon4195.vcxproj", "{BCE94014-60F3-46BE-9985-F29F2AEC8582}"
EndProject
Global
	GlobalSection(SolutionConfigurationPlatforms) = preSolution
		Debug|x64 = Debug|x64
		Debug|x86 = Debug|x86
		Release|x64 = Release|x64
		Release|x86 = Release|x86
	EndGlobalSection
	GlobalSection(ProjectConfigurationPlatforms) = postSolution
		{BCE94014-60F3-46BE-9985-F29F2AEC8582}.Debug|x64.ActiveCfg = Debug|x64
		{BCE94014-60F3-46BE-9985-F29F2AEC8582}.Debug|x64.Build.0 = Debug|x64
		{BCE94014-60F3-46BE-9985-F29F2AEC8582}.Debug|x86.ActiveCfg = Debug|Win32
		{BCE94014-60F3-46BE-9985-F29F2AEC8582}.Debug|x86.Build.0 = Debug|Win32
		{BCE94014-60F3-46BE-9985-F29F2AEC8582}.Release|x64.ActiveCfg = Release|x64
		{BCE94014-60F3-46BE-9985-F29F2AEC8582}.Release|x64.Build.0 = Release|x64
		{BCE94014-60F3-46BE-9985-F29F2AEC8582}.Release|x86.ActiveCfg = Release|Win32
		{BCE94014-60F3-46BE-9985-F29F2AEC8582}.Release|x86.Build.0 = Release|Win32
	EndGlobalSection
	GlobalSection(SolutionProperties) = preSolution
		HideSolutionNode = FALSE
	EndGlobalSection
	GlobalSection(ExtensibilityGlobals) = postSolution
		SolutionGuid = {1BB2A570-6AF3-4817-8694-CA1B8A7BD9D8}
	EndGlobalSection
EndGlobal
